// !$*UTF8*$!
{
	archiveVersion = 1;
	classes = {
	};
	objectVersion = 55;
	objects = {

/* Begin PBXBuildFile section */
		04CD4A93292CB6CA00A4AC5A /* AppDelegate.swift in Sources */ = {isa = PBXBuildFile; fileRef = 04CD4A92292CB6CA00A4AC5A /* AppDelegate.swift */; };
		04CD4A95292CB6CA00A4AC5A /* SceneDelegate.swift in Sources */ = {isa = PBXBuildFile; fileRef = 04CD4A94292CB6CA00A4AC5A /* SceneDelegate.swift */; };
		04CD4A97292CB6CA00A4AC5A /* ViewController.swift in Sources */ = {isa = PBXBuildFile; fileRef = 04CD4A96292CB6CA00A4AC5A /* ViewController.swift */; };
		04CD4A9A292CB6CA00A4AC5A /* Main.storyboard in Resources */ = {isa = PBXBuildFile; fileRef = 04CD4A98292CB6CA00A4AC5A /* Main.storyboard */; };
		04CD4A9D292CB6CA00A4AC5A /* Marvel.xcdatamodeld in Sources */ = {isa = PBXBuildFile; fileRef = 04CD4A9B292CB6CA00A4AC5A /* Marvel.xcdatamodeld */; };
		04CD4A9F292CB6CB00A4AC5A /* Assets.xcassets in Resources */ = {isa = PBXBuildFile; fileRef = 04CD4A9E292CB6CB00A4AC5A /* Assets.xcassets */; };
		04CD4AA2292CB6CB00A4AC5A /* LaunchScreen.storyboard in Resources */ = {isa = PBXBuildFile; fileRef = 04CD4AA0292CB6CB00A4AC5A /* LaunchScreen.storyboard */; };
		04CD4AAD292CB6CB00A4AC5A /* MarvelTests.swift in Sources */ = {isa = PBXBuildFile; fileRef = 04CD4AAC292CB6CB00A4AC5A /* MarvelTests.swift */; };
		04CD4AB7292CB6CB00A4AC5A /* MarvelUITests.swift in Sources */ = {isa = PBXBuildFile; fileRef = 04CD4AB6292CB6CB00A4AC5A /* MarvelUITests.swift */; };
		04CD4AB9292CB6CB00A4AC5A /* MarvelUITestsLaunchTests.swift in Sources */ = {isa = PBXBuildFile; fileRef = 04CD4AB8292CB6CB00A4AC5A /* MarvelUITestsLaunchTests.swift */; };
/* End PBXBuildFile section */

/* Begin PBXContainerItemProxy section */
		04CD4AA9292CB6CB00A4AC5A /* PBXContainerItemProxy */ = {
			isa = PBXContainerItemProxy;
			containerPortal = 04CD4A87292CB6CA00A4AC5A /* Project object */;
			proxyType = 1;
			remoteGlobalIDString = 04CD4A8E292CB6CA00A4AC5A;
			remoteInfo = Marvel;
		};
		04CD4AB3292CB6CB00A4AC5A /* PBXContainerItemProxy */ = {
			isa = PBXContainerItemProxy;
			containerPortal = 04CD4A87292CB6CA00A4AC5A /* Project object */;
			proxyType = 1;
			remoteGlobalIDString = 04CD4A8E292CB6CA00A4AC5A;
			remoteInfo = Marvel;
		};
/* End PBXContainerItemProxy section */

/* Begin PBXFileReference section */
		04CD4A8F292CB6CA00A4AC5A /* Marvel.app */ = {isa = PBXFileReference; explicitFileType = wrapper.application; includeInIndex = 0; path = Marvel.app; sourceTree = BUILT_PRODUCTS_DIR; };
		04CD4A92292CB6CA00A4AC5A /* AppDelegate.swift */ = {isa = PBXFileReference; lastKnownFileType = sourcecode.swift; path = AppDelegate.swift; sourceTree = "<group>"; };
		04CD4A94292CB6CA00A4AC5A /* SceneDelegate.swift */ = {isa = PBXFileReference; lastKnownFileType = sourcecode.swift; path = SceneDelegate.swift; sourceTree = "<group>"; };
		04CD4A96292CB6CA00A4AC5A /* ViewController.swift */ = {isa = PBXFileReference; lastKnownFileType = sourcecode.swift; path = ViewController.swift; sourceTree = "<group>"; };
		04CD4A99292CB6CA00A4AC5A /* Base */ = {isa = PBXFileReference; lastKnownFileType = file.storyboard; name = Base; path = Base.lproj/Main.storyboard; sourceTree = "<group>"; };
		04CD4A9C292CB6CA00A4AC5A /* Marvel.xcdatamodel */ = {isa = PBXFileReference; lastKnownFileType = wrapper.xcdatamodel; path = Marvel.xcdatamodel; sourceTree = "<group>"; };
		04CD4A9E292CB6CB00A4AC5A /* Assets.xcassets */ = {isa = PBXFileReference; lastKnownFileType = folder.assetcatalog; path = Assets.xcassets; sourceTree = "<group>"; };
		04CD4AA1292CB6CB00A4AC5A /* Base */ = {isa = PBXFileReference; lastKnownFileType = file.storyboard; name = Base; path = Base.lproj/LaunchScreen.storyboard; sourceTree = "<group>"; };
		04CD4AA3292CB6CB00A4AC5A /* Info.plist */ = {isa = PBXFileReference; lastKnownFileType = text.plist.xml; path = Info.plist; sourceTree = "<group>"; };
		04CD4AA8292CB6CB00A4AC5A /* MarvelTests.xctest */ = {isa = PBXFileReference; explicitFileType = wrapper.cfbundle; includeInIndex = 0; path = MarvelTests.xctest; sourceTree = BUILT_PRODUCTS_DIR; };
		04CD4AAC292CB6CB00A4AC5A /* MarvelTests.swift */ = {isa = PBXFileReference; lastKnownFileType = sourcecode.swift; path = MarvelTests.swift; sourceTree = "<group>"; };
		04CD4AB2292CB6CB00A4AC5A /* MarvelUITests.xctest */ = {isa = PBXFileReference; explicitFileType = wrapper.cfbundle; includeInIndex = 0; path = MarvelUITests.xctest; sourceTree = BUILT_PRODUCTS_DIR; };
		04CD4AB6292CB6CB00A4AC5A /* MarvelUITests.swift */ = {isa = PBXFileReference; lastKnownFileType = sourcecode.swift; path = MarvelUITests.swift; sourceTree = "<group>"; };
		04CD4AB8292CB6CB00A4AC5A /* MarvelUITestsLaunchTests.swift */ = {isa = PBXFileReference; lastKnownFileType = sourcecode.swift; path = MarvelUITestsLaunchTests.swift; sourceTree = "<group>"; };
/* End PBXFileReference section */

/* Begin PBXFrameworksBuildPhase section */
		04CD4A8C292CB6CA00A4AC5A /* Frameworks */ = {
			isa = PBXFrameworksBuildPhase;
			buildActionMask = 2147483647;
			files = (
			);
			runOnlyForDeploymentPostprocessing = 0;
		};
		04CD4AA5292CB6CB00A4AC5A /* Frameworks */ = {
			isa = PBXFrameworksBuildPhase;
			buildActionMask = 2147483647;
			files = (
			);
			runOnlyForDeploymentPostprocessing = 0;
		};
		04CD4AAF292CB6CB00A4AC5A /* Frameworks */ = {
			isa = PBXFrameworksBuildPhase;
			buildActionMask = 2147483647;
			files = (
			);
			runOnlyForDeploymentPostprocessing = 0;
		};
/* End PBXFrameworksBuildPhase section */

/* Begin PBXGroup section */
		04CD4A86292CB6CA00A4AC5A = {
			isa = PBXGroup;
			children = (
				04CD4A91292CB6CA00A4AC5A /* Marvel */,
				04CD4AAB292CB6CB00A4AC5A /* MarvelTests */,
				04CD4AB5292CB6CB00A4AC5A /* MarvelUITests */,
				04CD4A90292CB6CA00A4AC5A /* Products */,
			);
			sourceTree = "<group>";
		};
		04CD4A90292CB6CA00A4AC5A /* Products */ = {
			isa = PBXGroup;
			children = (
				04CD4A8F292CB6CA00A4AC5A /* Marvel.app */,
				04CD4AA8292CB6CB00A4AC5A /* MarvelTests.xctest */,
				04CD4AB2292CB6CB00A4AC5A /* MarvelUITests.xctest */,
			);
			name = Products;
			sourceTree = "<group>";
		};
		04CD4A91292CB6CA00A4AC5A /* Marvel */ = {
			isa = PBXGroup;
			children = (
				04CD4A92292CB6CA00A4AC5A /* AppDelegate.swift */,
				04CD4A94292CB6CA00A4AC5A /* SceneDelegate.swift */,
				04CD4A96292CB6CA00A4AC5A /* ViewController.swift */,
				04CD4A98292CB6CA00A4AC5A /* Main.storyboard */,
				04CD4A9E292CB6CB00A4AC5A /* Assets.xcassets */,
				04CD4AA0292CB6CB00A4AC5A /* LaunchScreen.storyboard */,
				04CD4AA3292CB6CB00A4AC5A /* Info.plist */,
				04CD4A9B292CB6CA00A4AC5A /* Marvel.xcdatamodeld */,
			);
			path = Marvel;
			sourceTree = "<group>";
		};
		04CD4AAB292CB6CB00A4AC5A /* MarvelTests */ = {
			isa = PBXGroup;
			children = (
				04CD4AAC292CB6CB00A4AC5A /* MarvelTests.swift */,
			);
			path = MarvelTests;
			sourceTree = "<group>";
		};
		04CD4AB5292CB6CB00A4AC5A /* MarvelUITests */ = {
			isa = PBXGroup;
			children = (
				04CD4AB6292CB6CB00A4AC5A /* MarvelUITests.swift */,
				04CD4AB8292CB6CB00A4AC5A /* MarvelUITestsLaunchTests.swift */,
			);
			path = MarvelUITests;
			sourceTree = "<group>";
		};
/* End PBXGroup section */

/* Begin PBXNativeTarget section */
		04CD4A8E292CB6CA00A4AC5A /* Marvel */ = {
			isa = PBXNativeTarget;
			buildConfigurationList = 04CD4ABC292CB6CB00A4AC5A /* Build configuration list for PBXNativeTarget "Marvel" */;
			buildPhases = (
				04CD4A8B292CB6CA00A4AC5A /* Sources */,
				04CD4A8C292CB6CA00A4AC5A /* Frameworks */,
				04CD4A8D292CB6CA00A4AC5A /* Resources */,
			);
			buildRules = (
			);
			dependencies = (
			);
			name = Marvel;
			productName = Marvel;
			productReference = 04CD4A8F292CB6CA00A4AC5A /* Marvel.app */;
			productType = "com.apple.product-type.application";
		};
		04CD4AA7292CB6CB00A4AC5A /* MarvelTests */ = {
			isa = PBXNativeTarget;
			buildConfigurationList = 04CD4ABF292CB6CB00A4AC5A /* Build configuration list for PBXNativeTarget "MarvelTests" */;
			buildPhases = (
				04CD4AA4292CB6CB00A4AC5A /* Sources */,
				04CD4AA5292CB6CB00A4AC5A /* Frameworks */,
				04CD4AA6292CB6CB00A4AC5A /* Resources */,
			);
			buildRules = (
			);
			dependencies = (
				04CD4AAA292CB6CB00A4AC5A /* PBXTargetDependency */,
			);
			name = MarvelTests;
			productName = MarvelTests;
			productReference = 04CD4AA8292CB6CB00A4AC5A /* MarvelTests.xctest */;
			productType = "com.apple.product-type.bundle.unit-test";
		};
		04CD4AB1292CB6CB00A4AC5A /* MarvelUITests */ = {
			isa = PBXNativeTarget;
			buildConfigurationList = 04CD4AC2292CB6CB00A4AC5A /* Build configuration list for PBXNativeTarget "MarvelUITests" */;
			buildPhases = (
				04CD4AAE292CB6CB00A4AC5A /* Sources */,
				04CD4AAF292CB6CB00A4AC5A /* Frameworks */,
				04CD4AB0292CB6CB00A4AC5A /* Resources */,
			);
			buildRules = (
			);
			dependencies = (
				04CD4AB4292CB6CB00A4AC5A /* PBXTargetDependency */,
			);
			name = MarvelUITests;
			productName = MarvelUITests;
			productReference = 04CD4AB2292CB6CB00A4AC5A /* MarvelUITests.xctest */;
			productType = "com.apple.product-type.bundle.ui-testing";
		};
/* End PBXNativeTarget section */

/* Begin PBXProject section */
		04CD4A87292CB6CA00A4AC5A /* Project object */ = {
			isa = PBXProject;
			attributes = {
				BuildIndependentTargetsInParallel = 1;
				LastSwiftUpdateCheck = 1340;
				LastUpgradeCheck = 1340;
				TargetAttributes = {
					04CD4A8E292CB6CA00A4AC5A = {
						CreatedOnToolsVersion = 13.4.1;
					};
					04CD4AA7292CB6CB00A4AC5A = {
						CreatedOnToolsVersion = 13.4.1;
						TestTargetID = 04CD4A8E292CB6CA00A4AC5A;
					};
					04CD4AB1292CB6CB00A4AC5A = {
						CreatedOnToolsVersion = 13.4.1;
						TestTargetID = 04CD4A8E292CB6CA00A4AC5A;
					};
				};
			};
			buildConfigurationList = 04CD4A8A292CB6CA00A4AC5A /* Build configuration list for PBXProject "Marvel" */;
			compatibilityVersion = "Xcode 13.0";
			developmentRegion = en;
			hasScannedForEncodings = 0;
			knownRegions = (
				en,
				Base,
			);
			mainGroup = 04CD4A86292CB6CA00A4AC5A;
			productRefGroup = 04CD4A90292CB6CA00A4AC5A /* Products */;
			projectDirPath = "";
			projectRoot = "";
			targets = (
				04CD4A8E292CB6CA00A4AC5A /* Marvel */,
				04CD4AA7292CB6CB00A4AC5A /* MarvelTests */,
				04CD4AB1292CB6CB00A4AC5A /* MarvelUITests */,
			);
		};
/* End PBXProject section */

/* Begin PBXResourcesBuildPhase section */
		04CD4A8D292CB6CA00A4AC5A /* Resources */ = {
			isa = PBXResourcesBuildPhase;
			buildActionMask = 2147483647;
			files = (
				04CD4AA2292CB6CB00A4AC5A /* LaunchScreen.storyboard in Resources */,
				04CD4A9F292CB6CB00A4AC5A /* Assets.xcassets in Resources */,
				04CD4A9A292CB6CA00A4AC5A /* Main.storyboard in Resources */,
			);
			runOnlyForDeploymentPostprocessing = 0;
		};
		04CD4AA6292CB6CB00A4AC5A /* Resources */ = {
			isa = PBXResourcesBuildPhase;
			buildActionMask = 2147483647;
			files = (
			);
			runOnlyForDeploymentPostprocessing = 0;
		};
		04CD4AB0292CB6CB00A4AC5A /* Resources */ = {
			isa = PBXResourcesBuildPhase;
			buildActionMask = 2147483647;
			files = (
			);
			runOnlyForDeploymentPostprocessing = 0;
		};
/* End PBXResourcesBuildPhase section */

/* Begin PBXSourcesBuildPhase section */
		04CD4A8B292CB6CA00A4AC5A /* Sources */ = {
			isa = PBXSourcesBuildPhase;
			buildActionMask = 2147483647;
			files = (
				04CD4A97292CB6CA00A4AC5A /* ViewController.swift in Sources */,
				04CD4A93292CB6CA00A4AC5A /* AppDelegate.swift in Sources */,
				04CD4A9D292CB6CA00A4AC5A /* Marvel.xcdatamodeld in Sources */,
				04CD4A95292CB6CA00A4AC5A /* SceneDelegate.swift in Sources */,
			);
			runOnlyForDeploymentPostprocessing = 0;
		};
		04CD4AA4292CB6CB00A4AC5A /* Sources */ = {
			isa = PBXSourcesBuildPhase;
			buildActionMask = 2147483647;
			files = (
				04CD4AAD292CB6CB00A4AC5A /* MarvelTests.swift in Sources */,
			);
			runOnlyForDeploymentPostprocessing = 0;
		};
		04CD4AAE292CB6CB00A4AC5A /* Sources */ = {
			isa = PBXSourcesBuildPhase;
			buildActionMask = 2147483647;
			files = (
				04CD4AB7292CB6CB00A4AC5A /* MarvelUITests.swift in Sources */,
				04CD4AB9292CB6CB00A4AC5A /* MarvelUITestsLaunchTests.swift in Sources */,
			);
			runOnlyForDeploymentPostprocessing = 0;
		};
/* End PBXSourcesBuildPhase section */

/* Begin PBXTargetDependency section */
		04CD4AAA292CB6CB00A4AC5A /* PBXTargetDependency */ = {
			isa = PBXTargetDependency;
			target = 04CD4A8E292CB6CA00A4AC5A /* Marvel */;
			targetProxy = 04CD4AA9292CB6CB00A4AC5A /* PBXContainerItemProxy */;
		};
		04CD4AB4292CB6CB00A4AC5A /* PBXTargetDependency */ = {
			isa = PBXTargetDependency;
			target = 04CD4A8E292CB6CA00A4AC5A /* Marvel */;
			targetProxy = 04CD4AB3292CB6CB00A4AC5A /* PBXContainerItemProxy */;
		};
/* End PBXTargetDependency section */

/* Begin PBXVariantGroup section */
		04CD4A98292CB6CA00A4AC5A /* Main.storyboard */ = {
			isa = PBXVariantGroup;
			children = (
				04CD4A99292CB6CA00A4AC5A /* Base */,
			);
			name = Main.storyboard;
			sourceTree = "<group>";
		};
		04CD4AA0292CB6CB00A4AC5A /* LaunchScreen.storyboard */ = {
			isa = PBXVariantGroup;
			children = (
				04CD4AA1292CB6CB00A4AC5A /* Base */,
			);
			name = LaunchScreen.storyboard;
			sourceTree = "<group>";
		};
/* End PBXVariantGroup section */

/* Begin XCBuildConfiguration section */
		04CD4ABA292CB6CB00A4AC5A /* Debug */ = {
			isa = XCBuildConfiguration;
			buildSettings = {
				ALWAYS_SEARCH_USER_PATHS = NO;
				CLANG_ANALYZER_NONNULL = YES;
				CLANG_ANALYZER_NUMBER_OBJECT_CONVERSION = YES_AGGRESSIVE;
				CLANG_CXX_LANGUAGE_STANDARD = "gnu++17";
				CLANG_ENABLE_MODULES = YES;
				CLANG_ENABLE_OBJC_ARC = YES;
				CLANG_ENABLE_OBJC_WEAK = YES;
				CLANG_WARN_BLOCK_CAPTURE_AUTORELEASING = YES;
				CLANG_WARN_BOOL_CONVERSION = YES;
				CLANG_WARN_COMMA = YES;
				CLANG_WARN_CONSTANT_CONVERSION = YES;
				CLANG_WARN_DEPRECATED_OBJC_IMPLEMENTATIONS = YES;
				CLANG_WARN_DIRECT_OBJC_ISA_USAGE = YES_ERROR;
				CLANG_WARN_DOCUMENTATION_COMMENTS = YES;
				CLANG_WARN_EMPTY_BODY = YES;
				CLANG_WARN_ENUM_CONVERSION = YES;
				CLANG_WARN_INFINITE_RECURSION = YES;
				CLANG_WARN_INT_CONVERSION = YES;
				CLANG_WARN_NON_LITERAL_NULL_CONVERSION = YES;
				CLANG_WARN_OBJC_IMPLICIT_RETAIN_SELF = YES;
				CLANG_WARN_OBJC_LITERAL_CONVERSION = YES;
				CLANG_WARN_OBJC_ROOT_CLASS = YES_ERROR;
				CLANG_WARN_QUOTED_INCLUDE_IN_FRAMEWORK_HEADER = YES;
				CLANG_WARN_RANGE_LOOP_ANALYSIS = YES;
				CLANG_WARN_STRICT_PROTOTYPES = YES;
				CLANG_WARN_SUSPICIOUS_MOVE = YES;
				CLANG_WARN_UNGUARDED_AVAILABILITY = YES_AGGRESSIVE;
				CLANG_WARN_UNREACHABLE_CODE = YES;
				CLANG_WARN__DUPLICATE_METHOD_MATCH = YES;
				COPY_PHASE_STRIP = NO;
				DEBUG_INFORMATION_FORMAT = dwarf;
				ENABLE_STRICT_OBJC_MSGSEND = YES;
				ENABLE_TESTABILITY = YES;
				GCC_C_LANGUAGE_STANDARD = gnu11;
				GCC_DYNAMIC_NO_PIC = NO;
				GCC_NO_COMMON_BLOCKS = YES;
				GCC_OPTIMIZATION_LEVEL = 0;
				GCC_PREPROCESSOR_DEFINITIONS = (
					"DEBUG=1",
					"$(inherited)",
				);
				GCC_WARN_64_TO_32_BIT_CONVERSION = YES;
				GCC_WARN_ABOUT_RETURN_TYPE = YES_ERROR;
				GCC_WARN_UNDECLARED_SELECTOR = YES;
				GCC_WARN_UNINITIALIZED_AUTOS = YES_AGGRESSIVE;
				GCC_WARN_UNUSED_FUNCTION = YES;
				GCC_WARN_UNUSED_VARIABLE = YES;
				IPHONEOS_DEPLOYMENT_TARGET = 15.5;
				MTL_ENABLE_DEBUG_INFO = INCLUDE_SOURCE;
				MTL_FAST_MATH = YES;
				ONLY_ACTIVE_ARCH = YES;
				SDKROOT = iphoneos;
				SWIFT_ACTIVE_COMPILATION_CONDITIONS = DEBUG;
				SWIFT_OPTIMIZATION_LEVEL = "-Onone";
			};
			name = Debug;
		};
		04CD4ABB292CB6CB00A4AC5A /* Release */ = {
			isa = XCBuildConfiguration;
			buildSettings = {
				ALWAYS_SEARCH_USER_PATHS = NO;
				CLANG_ANALYZER_NONNULL = YES;
				CLANG_ANALYZER_NUMBER_OBJECT_CONVERSION = YES_AGGRESSIVE;
				CLANG_CXX_LANGUAGE_STANDARD = "gnu++17";
				CLANG_ENABLE_MODULES = YES;
				CLANG_ENABLE_OBJC_ARC = YES;
				CLANG_ENABLE_OBJC_WEAK = YES;
				CLANG_WARN_BLOCK_CAPTURE_AUTORELEASING = YES;
				CLANG_WARN_BOOL_CONVERSION = YES;
				CLANG_WARN_COMMA = YES;
				CLANG_WARN_CONSTANT_CONVERSION = YES;
				CLANG_WARN_DEPRECATED_OBJC_IMPLEMENTATIONS = YES;
				CLANG_WARN_DIRECT_OBJC_ISA_USAGE = YES_ERROR;
				CLANG_WARN_DOCUMENTATION_COMMENTS = YES;
				CLANG_WARN_EMPTY_BODY = YES;
				CLANG_WARN_ENUM_CONVERSION = YES;
				CLANG_WARN_INFINITE_RECURSION = YES;
				CLANG_WARN_INT_CONVERSION = YES;
				CLANG_WARN_NON_LITERAL_NULL_CONVERSION = YES;
				CLANG_WARN_OBJC_IMPLICIT_RETAIN_SELF = YES;
				CLANG_WARN_OBJC_LITERAL_CONVERSION = YES;
				CLANG_WARN_OBJC_ROOT_CLASS = YES_ERROR;
				CLANG_WARN_QUOTED_INCLUDE_IN_FRAMEWORK_HEADER = YES;
				CLANG_WARN_RANGE_LOOP_ANALYSIS = YES;
				CLANG_WARN_STRICT_PROTOTYPES = YES;
				CLANG_WARN_SUSPICIOUS_MOVE = YES;
				CLANG_WARN_UNGUARDED_AVAILABILITY = YES_AGGRESSIVE;
				CLANG_WARN_UNREACHABLE_CODE = YES;
				CLANG_WARN__DUPLICATE_METHOD_MATCH = YES;
				COPY_PHASE_STRIP = NO;
				DEBUG_INFORMATION_FORMAT = "dwarf-with-dsym";
				ENABLE_NS_ASSERTIONS = NO;
				ENABLE_STRICT_OBJC_MSGSEND = YES;
				GCC_C_LANGUAGE_STANDARD = gnu11;
				GCC_NO_COMMON_BLOCKS = YES;
				GCC_WARN_64_TO_32_BIT_CONVERSION = YES;
				GCC_WARN_ABOUT_RETURN_TYPE = YES_ERROR;
				GCC_WARN_UNDECLARED_SELECTOR = YES;
				GCC_WARN_UNINITIALIZED_AUTOS = YES_AGGRESSIVE;
				GCC_WARN_UNUSED_FUNCTION = YES;
				GCC_WARN_UNUSED_VARIABLE = YES;
				IPHONEOS_DEPLOYMENT_TARGET = 15.5;
				MTL_ENABLE_DEBUG_INFO = NO;
				MTL_FAST_MATH = YES;
				SDKROOT = iphoneos;
				SWIFT_COMPILATION_MODE = wholemodule;
				SWIFT_OPTIMIZATION_LEVEL = "-O";
				VALIDATE_PRODUCT = YES;
			};
			name = Release;
		};
		04CD4ABD292CB6CB00A4AC5A /* Debug */ = {
			isa = XCBuildConfiguration;
			buildSettings = {
				ASSETCATALOG_COMPILER_APPICON_NAME = AppIcon;
				ASSETCATALOG_COMPILER_GLOBAL_ACCENT_COLOR_NAME = AccentColor;
				CODE_SIGN_STYLE = Automatic;
				CURRENT_PROJECT_VERSION = 1;
				DEVELOPMENT_TEAM = LCD84ACBQF;
				GENERATE_INFOPLIST_FILE = YES;
				INFOPLIST_FILE = Marvel/Info.plist;
				INFOPLIST_KEY_UIApplicationSupportsIndirectInputEvents = YES;
				INFOPLIST_KEY_UILaunchStoryboardName = LaunchScreen;
				INFOPLIST_KEY_UIMainStoryboardFile = Main;
				INFOPLIST_KEY_UISupportedInterfaceOrientations_iPad = "UIInterfaceOrientationPortrait UIInterfaceOrientationPortraitUpsideDown UIInterfaceOrientationLandscapeLeft UIInterfaceOrientationLandscapeRight";
				INFOPLIST_KEY_UISupportedInterfaceOrientations_iPhone = "UIInterfaceOrientationPortrait UIInterfaceOrientationLandscapeLeft UIInterfaceOrientationLandscapeRight";
				LD_RUNPATH_SEARCH_PATHS = (
					"$(inherited)",
					"@executable_path/Frameworks",
				);
				MARKETING_VERSION = 1.0;
				PRODUCT_BUNDLE_IDENTIFIER = codegrow.Marvel;
				PRODUCT_NAME = "$(TARGET_NAME)";
				SWIFT_EMIT_LOC_STRINGS = YES;
				SWIFT_VERSION = 5.0;
				TARGETED_DEVICE_FAMILY = "1,2";
			};
			name = Debug;
		};
		04CD4ABE292CB6CB00A4AC5A /* Release */ = {
			isa = XCBuildConfiguration;
			buildSettings = {
				ASSETCATALOG_COMPILER_APPICON_NAME = AppIcon;
				ASSETCATALOG_COMPILER_GLOBAL_ACCENT_COLOR_NAME = AccentColor;
				CODE_SIGN_STYLE = Automatic;
				CURRENT_PROJECT_VERSION = 1;
				DEVELOPMENT_TEAM = LCD84ACBQF;
				GENERATE_INFOPLIST_FILE = YES;
				INFOPLIST_FILE = Marvel/Info.plist;
				INFOPLIST_KEY_UIApplicationSupportsIndirectInputEvents = YES;
				INFOPLIST_KEY_UILaunchStoryboardName = LaunchScreen;
				INFOPLIST_KEY_UIMainStoryboardFile = Main;
				INFOPLIST_KEY_UISupportedInterfaceOrientations_iPad = "UIInterfaceOrientationPortrait UIInterfaceOrientationPortraitUpsideDown UIInterfaceOrientationLandscapeLeft UIInterfaceOrientationLandscapeRight";
				INFOPLIST_KEY_UISupportedInterfaceOrientations_iPhone = "UIInterfaceOrientationPortrait UIInterfaceOrientationLandscapeLeft UIInterfaceOrientationLandscapeRight";
				LD_RUNPATH_SEARCH_PATHS = (
					"$(inherited)",
					"@executable_path/Frameworks",
				);
				MARKETING_VERSION = 1.0;
				PRODUCT_BUNDLE_IDENTIFIER = codegrow.Marvel;
				PRODUCT_NAME = "$(TARGET_NAME)";
				SWIFT_EMIT_LOC_STRINGS = YES;
				SWIFT_VERSION = 5.0;
				TARGETED_DEVICE_FAMILY = "1,2";
			};
			name = Release;
		};
		04CD4AC0292CB6CB00A4AC5A /* Debug */ = {
			isa = XCBuildConfiguration;
			buildSettings = {
				ALWAYS_EMBED_SWIFT_STANDARD_LIBRARIES = YES;
				BUNDLE_LOADER = "$(TEST_HOST)";
				CODE_SIGN_STYLE = Automatic;
				CURRENT_PROJECT_VERSION = 1;
				DEVELOPMENT_TEAM = LCD84ACBQF;
				GENERATE_INFOPLIST_FILE = YES;
				IPHONEOS_DEPLOYMENT_TARGET = 15.5;
				MARKETING_VERSION = 1.0;
				PRODUCT_BUNDLE_IDENTIFIER = codegrow.MarvelTests;
				PRODUCT_NAME = "$(TARGET_NAME)";
				SWIFT_EMIT_LOC_STRINGS = NO;
				SWIFT_VERSION = 5.0;
				TARGETED_DEVICE_FAMILY = "1,2";
				TEST_HOST = "$(BUILT_PRODUCTS_DIR)/Marvel.app/Marvel";
			};
			name = Debug;
		};
		04CD4AC1292CB6CB00A4AC5A /* Release */ = {
			isa = XCBuildConfiguration;
			buildSettings = {
				ALWAYS_EMBED_SWIFT_STANDARD_LIBRARIES = YES;
				BUNDLE_LOADER = "$(TEST_HOST)";
				CODE_SIGN_STYLE = Automatic;
				CURRENT_PROJECT_VERSION = 1;
				DEVELOPMENT_TEAM = LCD84ACBQF;
				GENERATE_INFOPLIST_FILE = YES;
				IPHONEOS_DEPLOYMENT_TARGET = 15.5;
				MARKETING_VERSION = 1.0;
				PRODUCT_BUNDLE_IDENTIFIER = codegrow.MarvelTests;
				PRODUCT_NAME = "$(TARGET_NAME)";
				SWIFT_EMIT_LOC_STRINGS = NO;
				SWIFT_VERSION = 5.0;
				TARGETED_DEVICE_FAMILY = "1,2";
				TEST_HOST = "$(BUILT_PRODUCTS_DIR)/Marvel.app/Marvel";
			};
			name = Release;
		};
		04CD4AC3292CB6CB00A4AC5A /* Debug */ = {
			isa = XCBuildConfiguration;
			buildSettings = {
				ALWAYS_EMBED_SWIFT_STANDARD_LIBRARIES = YES;
				CODE_SIGN_STYLE = Automatic;
				CURRENT_PROJECT_VERSION = 1;
				DEVELOPMENT_TEAM = LCD84ACBQF;
				GENERATE_INFOPLIST_FILE = YES;
				MARKETING_VERSION = 1.0;
				PRODUCT_BUNDLE_IDENTIFIER = codegrow.MarvelUITests;
				PRODUCT_NAME = "$(TARGET_NAME)";
				SWIFT_EMIT_LOC_STRINGS = NO;
				SWIFT_VERSION = 5.0;
				TARGETED_DEVICE_FAMILY = "1,2";
				TEST_TARGET_NAME = Marvel;
			};
			name = Debug;
		};
		04CD4AC4292CB6CB00A4AC5A /* Release */ = {
			isa = XCBuildConfiguration;
			buildSettings = {
				ALWAYS_EMBED_SWIFT_STANDARD_LIBRARIES = YES;
				CODE_SIGN_STYLE = Automatic;
				CURRENT_PROJECT_VERSION = 1;
				DEVELOPMENT_TEAM = LCD84ACBQF;
				GENERATE_INFOPLIST_FILE = YES;
				MARKETING_VERSION = 1.0;
				PRODUCT_BUNDLE_IDENTIFIER = codegrow.MarvelUITests;
				PRODUCT_NAME = "$(TARGET_NAME)";
				SWIFT_EMIT_LOC_STRINGS = NO;
				SWIFT_VERSION = 5.0;
				TARGETED_DEVICE_FAMILY = "1,2";
				TEST_TARGET_NAME = Marvel;
			};
			name = Release;
		};
/* End XCBuildConfiguration section */

/* Begin XCConfigurationList section */
		04CD4A8A292CB6CA00A4AC5A /* Build configuration list for PBXProject "Marvel" */ = {
			isa = XCConfigurationList;
			buildConfigurations = (
				04CD4ABA292CB6CB00A4AC5A /* Debug */,
				04CD4ABB292CB6CB00A4AC5A /* Release */,
			);
			defaultConfigurationIsVisible = 0;
			defaultConfigurationName = Release;
		};
		04CD4ABC292CB6CB00A4AC5A /* Build configuration list for PBXNativeTarget "Marvel" */ = {
			isa = XCConfigurationList;
			buildConfigurations = (
				04CD4ABD292CB6CB00A4AC5A /* Debug */,
				04CD4ABE292CB6CB00A4AC5A /* Release */,
			);
			defaultConfigurationIsVisible = 0;
			defaultConfigurationName = Release;
		};
		04CD4ABF292CB6CB00A4AC5A /* Build configuration list for PBXNativeTarget "MarvelTests" */ = {
			isa = XCConfigurationList;
			buildConfigurations = (
				04CD4AC0292CB6CB00A4AC5A /* Debug */,
				04CD4AC1292CB6CB00A4AC5A /* Release */,
			);
			defaultConfigurationIsVisible = 0;
			defaultConfigurationName = Release;
		};
		04CD4AC2292CB6CB00A4AC5A /* Build configuration list for PBXNativeTarget "MarvelUITests" */ = {
			isa = XCConfigurationList;
			buildConfigurations = (
				04CD4AC3292CB6CB00A4AC5A /* Debug */,
				04CD4AC4292CB6CB00A4AC5A /* Release */,
			);
			defaultConfigurationIsVisible = 0;
			defaultConfigurationName = Release;
		};
/* End XCConfigurationList section */

/* Begin XCVersionGroup section */
		04CD4A9B292CB6CA00A4AC5A /* Marvel.xcdatamodeld */ = {
			isa = XCVersionGroup;
			children = (
				04CD4A9C292CB6CA00A4AC5A /* Marvel.xcdatamodel */,
			);
			currentVersion = 04CD4A9C292CB6CA00A4AC5A /* Marvel.xcdatamodel */;
			path = Marvel.xcdatamodeld;
			sourceTree = "<group>";
			versionGroupType = wrapper.xcdatamodel;
		};
/* End XCVersionGroup section */
	};
	rootObject = 04CD4A87292CB6CA00A4AC5A /* Project object */;
}
