// !$*UTF8*$!
{
	archiveVersion = 1;
	classes = {
	};
	objectVersion = 55;
	objects = {

/* Begin PBXBuildFile section */
		04CD4A93292CB6CA00A4AC5A /* AppDelegate.swift in Sources */ = {isa = PBXBuildFile; fileRef = 04CD4A92292CB6CA00A4AC5A /* AppDelegate.swift */; };
		04CD4A95292CB6CA00A4AC5A /* SceneDelegate.swift in Sources */ = {isa = PBXBuildFile; fileRef = 04CD4A94292CB6CA00A4AC5A /* SceneDelegate.swift */; };
		04CD4A97292CB6CA00A4AC5A /* ViewController.swift in Sources */ = {isa = PBXBuildFile; fileRef = 04CD4A96292CB6CA00A4AC5A /* ViewController.swift */; };
		04CD4A9A292CB6CA00A4AC5A /* Main.storyboard in Resources */ = {isa = PBXBuildFile; fileRef = 04CD4A98292CB6CA00A4AC5A /* Main.storyboard */; };
		04CD4A9D292CB6CA00A4AC5A /* Marvel.xcdatamodeld in Sources */ = {isa = PBXBuildFile; fileRef = 04CD4A9B292CB6CA00A4AC5A /* Marvel.xcdatamodeld */; };
		04CD4A9F292CB6CB00A4AC5A /* Assets.xcassets in Resources */ = {isa = PBXBuildFile; fileRef = 04CD4A9E292CB6CB00A4AC5A /* Assets.xcassets */; };
		04CD4AA2292CB6CB00A4AC5A /* LaunchScreen.storyboard in Resources */ = {isa = PBXBuildFile; fileRef = 04CD4AA0292CB6CB00A4AC5A /* LaunchScreen.storyboard */; };
		04CD4AAD292CB6CB00A4AC5A /* MarvelTests.swift in Sources */ = {isa = PBXBuildFile; fileRef = 04CD4AAC292CB6CB00A4AC5A /* MarvelTests.swift */; };
		04CD4AB7292CB6CB00A4AC5A /* MarvelUITests.swift in Sources */ = {isa = PBXBuildFile; fileRef = 04CD4AB6292CB6CB00A4AC5A /* MarvelUITests.swift */; };
		04CD4AB9292CB6CB00A4AC5A /* MarvelUITestsLaunchTests.swift in Sources */ = {isa = PBXBuildFile; fileRef = 04CD4AB8292CB6CB00A4AC5A /* MarvelUITestsLaunchTests.swift */; };
		04CD4ACF292CBF8000A4AC5A /* UIImageViewX.swift in Sources */ = {isa = PBXBuildFile; fileRef = 04CD4ACB292CBF8000A4AC5A /* UIImageViewX.swift */; };
		04CD4AD0292CBF8000A4AC5A /* UITextFieldX.swift in Sources */ = {isa = PBXBuildFile; fileRef = 04CD4ACC292CBF8000A4AC5A /* UITextFieldX.swift */; };
		04CD4AD1292CBF8000A4AC5A /* UIViewX.swift in Sources */ = {isa = PBXBuildFile; fileRef = 04CD4ACD292CBF8000A4AC5A /* UIViewX.swift */; };
		04CD4AD2292CBF8000A4AC5A /* UIButtonX.swift in Sources */ = {isa = PBXBuildFile; fileRef = 04CD4ACE292CBF8000A4AC5A /* UIButtonX.swift */; };
		04CD4AD4292CBFBD00A4AC5A /* Constant.swift in Sources */ = {isa = PBXBuildFile; fileRef = 04CD4AD3292CBFBD00A4AC5A /* Constant.swift */; };
		04CD4AD7292CC0B600A4AC5A /* CharactersService.swift in Sources */ = {isa = PBXBuildFile; fileRef = 04CD4AD6292CC0B600A4AC5A /* CharactersService.swift */; };
		04CD4ADA292CC0DA00A4AC5A /* Box.swift in Sources */ = {isa = PBXBuildFile; fileRef = 04CD4AD9292CC0DA00A4AC5A /* Box.swift */; };
		04CD4ADC292CC3DD00A4AC5A /* Marvel.swift in Sources */ = {isa = PBXBuildFile; fileRef = 04CD4ADB292CC3DD00A4AC5A /* Marvel.swift */; };
		04CD4ADE292D0D4400A4AC5A /* MarvelListViewModel.swift in Sources */ = {isa = PBXBuildFile; fileRef = 04CD4ADD292D0D4400A4AC5A /* MarvelListViewModel.swift */; };
		04CD4AE1292D362000A4AC5A /* charactersListViewController.swift in Sources */ = {isa = PBXBuildFile; fileRef = 04CD4AE0292D362000A4AC5A /* charactersListViewController.swift */; };
		04CD4AE5292E0FC400A4AC5A /* MarvelListTableViewCell.swift in Sources */ = {isa = PBXBuildFile; fileRef = 04CD4AE3292E0FC400A4AC5A /* MarvelListTableViewCell.swift */; };
		04CD4AE6292E0FC400A4AC5A /* MarvelListTableViewCell.xib in Resources */ = {isa = PBXBuildFile; fileRef = 04CD4AE4292E0FC400A4AC5A /* MarvelListTableViewCell.xib */; };
		04CD4AE8292E224200A4AC5A /* characterDetailViewController.swift in Sources */ = {isa = PBXBuildFile; fileRef = 04CD4AE7292E224200A4AC5A /* characterDetailViewController.swift */; };
		04CD4AEA292E229300A4AC5A /* characterDetailViewModel.swift in Sources */ = {isa = PBXBuildFile; fileRef = 04CD4AE9292E229300A4AC5A /* characterDetailViewModel.swift */; };
		04CD4AEE292E24F200A4AC5A /* MarvelCharactersCollectionViewCell.swift in Sources */ = {isa = PBXBuildFile; fileRef = 04CD4AEC292E24F200A4AC5A /* MarvelCharactersCollectionViewCell.swift */; };
		04CD4AEF292E24F200A4AC5A /* MarvelCharactersCollectionViewCell.xib in Resources */ = {isa = PBXBuildFile; fileRef = 04CD4AED292E24F200A4AC5A /* MarvelCharactersCollectionViewCell.xib */; };
		04CD4AF2292E25CF00A4AC5A /* MarvelCharacterTableViewCell.swift in Sources */ = {isa = PBXBuildFile; fileRef = 04CD4AF0292E25CF00A4AC5A /* MarvelCharacterTableViewCell.swift */; };
		04CD4AF3292E25CF00A4AC5A /* MarvelCharacterTableViewCell.xib in Resources */ = {isa = PBXBuildFile; fileRef = 04CD4AF1292E25CF00A4AC5A /* MarvelCharacterTableViewCell.xib */; };
		04CD4AF5292ED31C00A4AC5A /* itemService.swift in Sources */ = {isa = PBXBuildFile; fileRef = 04CD4AF4292ED31C00A4AC5A /* itemService.swift */; };
		04CD4AF8292ED8F400A4AC5A /* charactersListViewModel.swift in Sources */ = {isa = PBXBuildFile; fileRef = 04CD4AF7292ED8F400A4AC5A /* charactersListViewModel.swift */; };
		04CD4AFC292EE46100A4AC5A /* characeterDetailTopItemTableViewCell.swift in Sources */ = {isa = PBXBuildFile; fileRef = 04CD4AFA292EE46100A4AC5A /* characeterDetailTopItemTableViewCell.swift */; };
		04CD4AFD292EE46100A4AC5A /* characeterDetailTopItemTableViewCell.xib in Resources */ = {isa = PBXBuildFile; fileRef = 04CD4AFB292EE46100A4AC5A /* characeterDetailTopItemTableViewCell.xib */; };
		16E3909C63211F27B2E81417 /* Pods_Marvel.framework in Frameworks */ = {isa = PBXBuildFile; fileRef = D89441438646F9849356D5E8 /* Pods_Marvel.framework */; };
		34C14A5A6322FE8DDAA11D9F /* Pods_MarvelTests.framework in Frameworks */ = {isa = PBXBuildFile; fileRef = B6DD1056F928EA75388A4A1A /* Pods_MarvelTests.framework */; };
		60BFDF6547690393A455E7FB /* Pods_Marvel_MarvelUITests.framework in Frameworks */ = {isa = PBXBuildFile; fileRef = 699D5FB9888E072FB412B28C /* Pods_Marvel_MarvelUITests.framework */; };
/* End PBXBuildFile section */

/* Begin PBXContainerItemProxy section */
		04CD4AA9292CB6CB00A4AC5A /* PBXContainerItemProxy */ = {
			isa = PBXContainerItemProxy;
			containerPortal = 04CD4A87292CB6CA00A4AC5A /* Project object */;
			proxyType = 1;
			remoteGlobalIDString = 04CD4A8E292CB6CA00A4AC5A;
			remoteInfo = Marvel;
		};
		04CD4AB3292CB6CB00A4AC5A /* PBXContainerItemProxy */ = {
			isa = PBXContainerItemProxy;
			containerPortal = 04CD4A87292CB6CA00A4AC5A /* Project object */;
			proxyType = 1;
			remoteGlobalIDString = 04CD4A8E292CB6CA00A4AC5A;
			remoteInfo = Marvel;
		};
/* End PBXContainerItemProxy section */

/* Begin PBXFileReference section */
		04CD4A8F292CB6CA00A4AC5A /* Marvel.app */ = {isa = PBXFileReference; explicitFileType = wrapper.application; includeInIndex = 0; path = Marvel.app; sourceTree = BUILT_PRODUCTS_DIR; };
		04CD4A92292CB6CA00A4AC5A /* AppDelegate.swift */ = {isa = PBXFileReference; lastKnownFileType = sourcecode.swift; path = AppDelegate.swift; sourceTree = "<group>"; };
		04CD4A94292CB6CA00A4AC5A /* SceneDelegate.swift */ = {isa = PBXFileReference; lastKnownFileType = sourcecode.swift; path = SceneDelegate.swift; sourceTree = "<group>"; };
		04CD4A96292CB6CA00A4AC5A /* ViewController.swift */ = {isa = PBXFileReference; lastKnownFileType = sourcecode.swift; path = ViewController.swift; sourceTree = "<group>"; };
		04CD4A99292CB6CA00A4AC5A /* Base */ = {isa = PBXFileReference; lastKnownFileType = file.storyboard; name = Base; path = Base.lproj/Main.storyboard; sourceTree = "<group>"; };
		04CD4A9C292CB6CA00A4AC5A /* Marvel.xcdatamodel */ = {isa = PBXFileReference; lastKnownFileType = wrapper.xcdatamodel; path = Marvel.xcdatamodel; sourceTree = "<group>"; };
		04CD4A9E292CB6CB00A4AC5A /* Assets.xcassets */ = {isa = PBXFileReference; lastKnownFileType = folder.assetcatalog; path = Assets.xcassets; sourceTree = "<group>"; };
		04CD4AA1292CB6CB00A4AC5A /* Base */ = {isa = PBXFileReference; lastKnownFileType = file.storyboard; name = Base; path = Base.lproj/LaunchScreen.storyboard; sourceTree = "<group>"; };
		04CD4AA3292CB6CB00A4AC5A /* Info.plist */ = {isa = PBXFileReference; lastKnownFileType = text.plist.xml; path = Info.plist; sourceTree = "<group>"; };
		04CD4AA8292CB6CB00A4AC5A /* MarvelTests.xctest */ = {isa = PBXFileReference; explicitFileType = wrapper.cfbundle; includeInIndex = 0; path = MarvelTests.xctest; sourceTree = BUILT_PRODUCTS_DIR; };
		04CD4AAC292CB6CB00A4AC5A /* MarvelTests.swift */ = {isa = PBXFileReference; lastKnownFileType = sourcecode.swift; path = MarvelTests.swift; sourceTree = "<group>"; };
		04CD4AB2292CB6CB00A4AC5A /* MarvelUITests.xctest */ = {isa = PBXFileReference; explicitFileType = wrapper.cfbundle; includeInIndex = 0; path = MarvelUITests.xctest; sourceTree = BUILT_PRODUCTS_DIR; };
		04CD4AB6292CB6CB00A4AC5A /* MarvelUITests.swift */ = {isa = PBXFileReference; lastKnownFileType = sourcecode.swift; path = MarvelUITests.swift; sourceTree = "<group>"; };
		04CD4AB8292CB6CB00A4AC5A /* MarvelUITestsLaunchTests.swift */ = {isa = PBXFileReference; lastKnownFileType = sourcecode.swift; path = MarvelUITestsLaunchTests.swift; sourceTree = "<group>"; };
		04CD4ACB292CBF8000A4AC5A /* UIImageViewX.swift */ = {isa = PBXFileReference; fileEncoding = 4; lastKnownFileType = sourcecode.swift; path = UIImageViewX.swift; sourceTree = "<group>"; };
		04CD4ACC292CBF8000A4AC5A /* UITextFieldX.swift */ = {isa = PBXFileReference; fileEncoding = 4; lastKnownFileType = sourcecode.swift; path = UITextFieldX.swift; sourceTree = "<group>"; };
		04CD4ACD292CBF8000A4AC5A /* UIViewX.swift */ = {isa = PBXFileReference; fileEncoding = 4; lastKnownFileType = sourcecode.swift; path = UIViewX.swift; sourceTree = "<group>"; };
		04CD4ACE292CBF8000A4AC5A /* UIButtonX.swift */ = {isa = PBXFileReference; fileEncoding = 4; lastKnownFileType = sourcecode.swift; path = UIButtonX.swift; sourceTree = "<group>"; };
		04CD4AD3292CBFBD00A4AC5A /* Constant.swift */ = {isa = PBXFileReference; lastKnownFileType = sourcecode.swift; path = Constant.swift; sourceTree = "<group>"; };
		04CD4AD6292CC0B600A4AC5A /* CharactersService.swift */ = {isa = PBXFileReference; lastKnownFileType = sourcecode.swift; path = CharactersService.swift; sourceTree = "<group>"; };
		04CD4AD9292CC0DA00A4AC5A /* Box.swift */ = {isa = PBXFileReference; lastKnownFileType = sourcecode.swift; path = Box.swift; sourceTree = "<group>"; };
		04CD4ADB292CC3DD00A4AC5A /* Marvel.swift */ = {isa = PBXFileReference; lastKnownFileType = sourcecode.swift; path = Marvel.swift; sourceTree = "<group>"; };
		04CD4ADD292D0D4400A4AC5A /* MarvelListViewModel.swift */ = {isa = PBXFileReference; lastKnownFileType = sourcecode.swift; path = MarvelListViewModel.swift; sourceTree = "<group>"; };
		04CD4AE0292D362000A4AC5A /* charactersListViewController.swift */ = {isa = PBXFileReference; lastKnownFileType = sourcecode.swift; path = charactersListViewController.swift; sourceTree = "<group>"; };
		04CD4AE3292E0FC400A4AC5A /* MarvelListTableViewCell.swift */ = {isa = PBXFileReference; lastKnownFileType = sourcecode.swift; path = MarvelListTableViewCell.swift; sourceTree = "<group>"; };
		04CD4AE4292E0FC400A4AC5A /* MarvelListTableViewCell.xib */ = {isa = PBXFileReference; lastKnownFileType = file.xib; path = MarvelListTableViewCell.xib; sourceTree = "<group>"; };
		04CD4AE7292E224200A4AC5A /* characterDetailViewController.swift */ = {isa = PBXFileReference; lastKnownFileType = sourcecode.swift; path = characterDetailViewController.swift; sourceTree = "<group>"; };
		04CD4AE9292E229300A4AC5A /* characterDetailViewModel.swift */ = {isa = PBXFileReference; lastKnownFileType = sourcecode.swift; path = characterDetailViewModel.swift; sourceTree = "<group>"; };
		04CD4AEC292E24F200A4AC5A /* MarvelCharactersCollectionViewCell.swift */ = {isa = PBXFileReference; lastKnownFileType = sourcecode.swift; path = MarvelCharactersCollectionViewCell.swift; sourceTree = "<group>"; };
		04CD4AED292E24F200A4AC5A /* MarvelCharactersCollectionViewCell.xib */ = {isa = PBXFileReference; lastKnownFileType = file.xib; path = MarvelCharactersCollectionViewCell.xib; sourceTree = "<group>"; };
		04CD4AF0292E25CF00A4AC5A /* MarvelCharacterTableViewCell.swift */ = {isa = PBXFileReference; lastKnownFileType = sourcecode.swift; path = MarvelCharacterTableViewCell.swift; sourceTree = "<group>"; };
		04CD4AF1292E25CF00A4AC5A /* MarvelCharacterTableViewCell.xib */ = {isa = PBXFileReference; lastKnownFileType = file.xib; path = MarvelCharacterTableViewCell.xib; sourceTree = "<group>"; };
		04CD4AF4292ED31C00A4AC5A /* itemService.swift */ = {isa = PBXFileReference; lastKnownFileType = sourcecode.swift; path = itemService.swift; sourceTree = "<group>"; };
		04CD4AF7292ED8F400A4AC5A /* charactersListViewModel.swift */ = {isa = PBXFileReference; lastKnownFileType = sourcecode.swift; path = charactersListViewModel.swift; sourceTree = "<group>"; };
		04CD4AFA292EE46100A4AC5A /* characeterDetailTopItemTableViewCell.swift */ = {isa = PBXFileReference; lastKnownFileType = sourcecode.swift; path = characeterDetailTopItemTableViewCell.swift; sourceTree = "<group>"; };
		04CD4AFB292EE46100A4AC5A /* characeterDetailTopItemTableViewCell.xib */ = {isa = PBXFileReference; lastKnownFileType = file.xib; path = characeterDetailTopItemTableViewCell.xib; sourceTree = "<group>"; };
		1889B8F28A175903D594917C /* Pods-Marvel.debug.xcconfig */ = {isa = PBXFileReference; includeInIndex = 1; lastKnownFileType = text.xcconfig; name = "Pods-Marvel.debug.xcconfig"; path = "Target Support Files/Pods-Marvel/Pods-Marvel.debug.xcconfig"; sourceTree = "<group>"; };
		287797791B94AC6F986EEE62 /* Pods-Marvel.release.xcconfig */ = {isa = PBXFileReference; includeInIndex = 1; lastKnownFileType = text.xcconfig; name = "Pods-Marvel.release.xcconfig"; path = "Target Support Files/Pods-Marvel/Pods-Marvel.release.xcconfig"; sourceTree = "<group>"; };
		333486D814868767EC5C39FB /* Pods-Marvel-MarvelUITests.release.xcconfig */ = {isa = PBXFileReference; includeInIndex = 1; lastKnownFileType = text.xcconfig; name = "Pods-Marvel-MarvelUITests.release.xcconfig"; path = "Target Support Files/Pods-Marvel-MarvelUITests/Pods-Marvel-MarvelUITests.release.xcconfig"; sourceTree = "<group>"; };
		699D5FB9888E072FB412B28C /* Pods_Marvel_MarvelUITests.framework */ = {isa = PBXFileReference; explicitFileType = wrapper.framework; includeInIndex = 0; path = Pods_Marvel_MarvelUITests.framework; sourceTree = BUILT_PRODUCTS_DIR; };
		76AAE9BA7FE16833BAC1CF9C /* Pods-Marvel-MarvelUITests.debug.xcconfig */ = {isa = PBXFileReference; includeInIndex = 1; lastKnownFileType = text.xcconfig; name = "Pods-Marvel-MarvelUITests.debug.xcconfig"; path = "Target Support Files/Pods-Marvel-MarvelUITests/Pods-Marvel-MarvelUITests.debug.xcconfig"; sourceTree = "<group>"; };
		B6DD1056F928EA75388A4A1A /* Pods_MarvelTests.framework */ = {isa = PBXFileReference; explicitFileType = wrapper.framework; includeInIndex = 0; path = Pods_MarvelTests.framework; sourceTree = BUILT_PRODUCTS_DIR; };
		B7084AA1627362297312C192 /* Pods-MarvelTests.release.xcconfig */ = {isa = PBXFileReference; includeInIndex = 1; lastKnownFileType = text.xcconfig; name = "Pods-MarvelTests.release.xcconfig"; path = "Target Support Files/Pods-MarvelTests/Pods-MarvelTests.release.xcconfig"; sourceTree = "<group>"; };
		D89441438646F9849356D5E8 /* Pods_Marvel.framework */ = {isa = PBXFileReference; explicitFileType = wrapper.framework; includeInIndex = 0; path = Pods_Marvel.framework; sourceTree = BUILT_PRODUCTS_DIR; };
		FDA18D382B5C67AEDFE888E6 /* Pods-MarvelTests.debug.xcconfig */ = {isa = PBXFileReference; includeInIndex = 1; lastKnownFileType = text.xcconfig; name = "Pods-MarvelTests.debug.xcconfig"; path = "Target Support Files/Pods-MarvelTests/Pods-MarvelTests.debug.xcconfig"; sourceTree = "<group>"; };
/* End PBXFileReference section */

/* Begin PBXFrameworksBuildPhase section */
		04CD4A8C292CB6CA00A4AC5A /* Frameworks */ = {
			isa = PBXFrameworksBuildPhase;
			buildActionMask = 2147483647;
			files = (
				16E3909C63211F27B2E81417 /* Pods_Marvel.framework in Frameworks */,
			);
			runOnlyForDeploymentPostprocessing = 0;
		};
		04CD4AA5292CB6CB00A4AC5A /* Frameworks */ = {
			isa = PBXFrameworksBuildPhase;
			buildActionMask = 2147483647;
			files = (
				34C14A5A6322FE8DDAA11D9F /* Pods_MarvelTests.framework in Frameworks */,
			);
			runOnlyForDeploymentPostprocessing = 0;
		};
		04CD4AAF292CB6CB00A4AC5A /* Frameworks */ = {
			isa = PBXFrameworksBuildPhase;
			buildActionMask = 2147483647;
			files = (
				60BFDF6547690393A455E7FB /* Pods_Marvel_MarvelUITests.framework in Frameworks */,
			);
			runOnlyForDeploymentPostprocessing = 0;
		};
/* End PBXFrameworksBuildPhase section */

/* Begin PBXGroup section */
		04CD4A86292CB6CA00A4AC5A = {
			isa = PBXGroup;
			children = (
				04CD4A91292CB6CA00A4AC5A /* Marvel */,
				04CD4AAB292CB6CB00A4AC5A /* MarvelTests */,
				04CD4AB5292CB6CB00A4AC5A /* MarvelUITests */,
				04CD4A90292CB6CA00A4AC5A /* Products */,
				C251E1D01875F9F02EB61672 /* Pods */,
				59028C184DD4D861462EDB6B /* Frameworks */,
			);
			sourceTree = "<group>";
		};
		04CD4A90292CB6CA00A4AC5A /* Products */ = {
			isa = PBXGroup;
			children = (
				04CD4A8F292CB6CA00A4AC5A /* Marvel.app */,
				04CD4AA8292CB6CB00A4AC5A /* MarvelTests.xctest */,
				04CD4AB2292CB6CB00A4AC5A /* MarvelUITests.xctest */,
			);
			name = Products;
			sourceTree = "<group>";
		};
		04CD4A91292CB6CA00A4AC5A /* Marvel */ = {
			isa = PBXGroup;
			children = (
				04CD4AD8292CC0CE00A4AC5A /* Observer */,
				04CD4AD5292CC0A700A4AC5A /* Services */,
				04CD4ACA292CB73900A4AC5A /* Utilities */,
				04CD4AC9292CB73300A4AC5A /* Helper */,
				04CD4AC7292CB6E700A4AC5A /* Views */,
				04CD4AC6292CB6DD00A4AC5A /* Models */,
				04CD4AC5292CB6D800A4AC5A /* ViewModels */,
				04CD4A92292CB6CA00A4AC5A /* AppDelegate.swift */,
				04CD4A94292CB6CA00A4AC5A /* SceneDelegate.swift */,
				04CD4A96292CB6CA00A4AC5A /* ViewController.swift */,
				04CD4A98292CB6CA00A4AC5A /* Main.storyboard */,
				04CD4A9E292CB6CB00A4AC5A /* Assets.xcassets */,
				04CD4AA0292CB6CB00A4AC5A /* LaunchScreen.storyboard */,
				04CD4AA3292CB6CB00A4AC5A /* Info.plist */,
				04CD4A9B292CB6CA00A4AC5A /* Marvel.xcdatamodeld */,
			);
			path = Marvel;
			sourceTree = "<group>";
		};
		04CD4AAB292CB6CB00A4AC5A /* MarvelTests */ = {
			isa = PBXGroup;
			children = (
				04CD4AAC292CB6CB00A4AC5A /* MarvelTests.swift */,
			);
			path = MarvelTests;
			sourceTree = "<group>";
		};
		04CD4AB5292CB6CB00A4AC5A /* MarvelUITests */ = {
			isa = PBXGroup;
			children = (
				04CD4AB6292CB6CB00A4AC5A /* MarvelUITests.swift */,
				04CD4AB8292CB6CB00A4AC5A /* MarvelUITestsLaunchTests.swift */,
			);
			path = MarvelUITests;
			sourceTree = "<group>";
		};
		04CD4AC5292CB6D800A4AC5A /* ViewModels */ = {
			isa = PBXGroup;
			children = (
				04CD4ADD292D0D4400A4AC5A /* MarvelListViewModel.swift */,
				04CD4AE9292E229300A4AC5A /* characterDetailViewModel.swift */,
				04CD4AF7292ED8F400A4AC5A /* charactersListViewModel.swift */,
			);
			path = ViewModels;
			sourceTree = "<group>";
		};
		04CD4AC6292CB6DD00A4AC5A /* Models */ = {
			isa = PBXGroup;
			children = (
				04CD4ADB292CC3DD00A4AC5A /* Marvel.swift */,
			);
			path = Models;
			sourceTree = "<group>";
		};
		04CD4AC7292CB6E700A4AC5A /* Views */ = {
			isa = PBXGroup;
			children = (
				04CD4ADF292D360F00A4AC5A /* Controller */,
				04CD4AF6292ED63800A4AC5A /* Cell */,
			);
			path = Views;
			sourceTree = "<group>";
		};
		04CD4AC9292CB73300A4AC5A /* Helper */ = {
			isa = PBXGroup;
			children = (
			);
			path = Helper;
			sourceTree = "<group>";
		};
		04CD4ACA292CB73900A4AC5A /* Utilities */ = {
			isa = PBXGroup;
			children = (
				04CD4ACE292CBF8000A4AC5A /* UIButtonX.swift */,
				04CD4ACB292CBF8000A4AC5A /* UIImageViewX.swift */,
				04CD4ACC292CBF8000A4AC5A /* UITextFieldX.swift */,
				04CD4ACD292CBF8000A4AC5A /* UIViewX.swift */,
				04CD4AD3292CBFBD00A4AC5A /* Constant.swift */,
			);
			path = Utilities;
			sourceTree = "<group>";
		};
		04CD4AD5292CC0A700A4AC5A /* Services */ = {
			isa = PBXGroup;
			children = (
				04CD4AD6292CC0B600A4AC5A /* CharactersService.swift */,
				04CD4AF4292ED31C00A4AC5A /* itemService.swift */,
			);
			path = Services;
			sourceTree = "<group>";
		};
		04CD4AD8292CC0CE00A4AC5A /* Observer */ = {
			isa = PBXGroup;
			children = (
				04CD4AD9292CC0DA00A4AC5A /* Box.swift */,
			);
			path = Observer;
			sourceTree = "<group>";
		};
		04CD4ADF292D360F00A4AC5A /* Controller */ = {
			isa = PBXGroup;
			children = (
				04CD4AE0292D362000A4AC5A /* charactersListViewController.swift */,
				04CD4AE7292E224200A4AC5A /* characterDetailViewController.swift */,
			);
			path = Controller;
			sourceTree = "<group>";
		};
		04CD4AE2292E0FA800A4AC5A /* MarvelList */ = {
			isa = PBXGroup;
			children = (
				04CD4AE3292E0FC400A4AC5A /* MarvelListTableViewCell.swift */,
				04CD4AE4292E0FC400A4AC5A /* MarvelListTableViewCell.xib */,
			);
			path = MarvelList;
			sourceTree = "<group>";
		};
		04CD4AEB292E24D100A4AC5A /* MarvelCharacter */ = {
			isa = PBXGroup;
			children = (
				04CD4AEC292E24F200A4AC5A /* MarvelCharactersCollectionViewCell.swift */,
				04CD4AF0292E25CF00A4AC5A /* MarvelCharacterTableViewCell.swift */,
				04CD4AFA292EE46100A4AC5A /* characeterDetailTopItemTableViewCell.swift */,
				04CD4AF9292EE43100A4AC5A /* Xib */,
			);
			path = MarvelCharacter;
			sourceTree = "<group>";
		};
		04CD4AF6292ED63800A4AC5A /* Cell */ = {
			isa = PBXGroup;
			children = (
				04CD4AEB292E24D100A4AC5A /* MarvelCharacter */,
				04CD4AE2292E0FA800A4AC5A /* MarvelList */,
			);
			path = Cell;
			sourceTree = "<group>";
		};
		04CD4AF9292EE43100A4AC5A /* Xib */ = {
			isa = PBXGroup;
			children = (
				04CD4AED292E24F200A4AC5A /* MarvelCharactersCollectionViewCell.xib */,
				04CD4AF1292E25CF00A4AC5A /* MarvelCharacterTableViewCell.xib */,
				04CD4AFB292EE46100A4AC5A /* characeterDetailTopItemTableViewCell.xib */,
			);
			path = Xib;
			sourceTree = "<group>";
		};
		59028C184DD4D861462EDB6B /* Frameworks */ = {
			isa = PBXGroup;
			children = (
				D89441438646F9849356D5E8 /* Pods_Marvel.framework */,
				699D5FB9888E072FB412B28C /* Pods_Marvel_MarvelUITests.framework */,
				B6DD1056F928EA75388A4A1A /* Pods_MarvelTests.framework */,
			);
			name = Frameworks;
			sourceTree = "<group>";
		};
		C251E1D01875F9F02EB61672 /* Pods */ = {
			isa = PBXGroup;
			children = (
				1889B8F28A175903D594917C /* Pods-Marvel.debug.xcconfig */,
				287797791B94AC6F986EEE62 /* Pods-Marvel.release.xcconfig */,
				76AAE9BA7FE16833BAC1CF9C /* Pods-Marvel-MarvelUITests.debug.xcconfig */,
				333486D814868767EC5C39FB /* Pods-Marvel-MarvelUITests.release.xcconfig */,
				FDA18D382B5C67AEDFE888E6 /* Pods-MarvelTests.debug.xcconfig */,
				B7084AA1627362297312C192 /* Pods-MarvelTests.release.xcconfig */,
			);
			path = Pods;
			sourceTree = "<group>";
		};
/* End PBXGroup section */

/* Begin PBXNativeTarget section */
		04CD4A8E292CB6CA00A4AC5A /* Marvel */ = {
			isa = PBXNativeTarget;
			buildConfigurationList = 04CD4ABC292CB6CB00A4AC5A /* Build configuration list for PBXNativeTarget "Marvel" */;
			buildPhases = (
				A6B2B693834363B389B533F4 /* [CP] Check Pods Manifest.lock */,
				04CD4A8B292CB6CA00A4AC5A /* Sources */,
				04CD4A8C292CB6CA00A4AC5A /* Frameworks */,
				04CD4A8D292CB6CA00A4AC5A /* Resources */,
				1F0F6DBC25193F501784ED6F /* [CP] Embed Pods Frameworks */,
			);
			buildRules = (
			);
			dependencies = (
			);
			name = Marvel;
			productName = Marvel;
			productReference = 04CD4A8F292CB6CA00A4AC5A /* Marvel.app */;
			productType = "com.apple.product-type.application";
		};
		04CD4AA7292CB6CB00A4AC5A /* MarvelTests */ = {
			isa = PBXNativeTarget;
			buildConfigurationList = 04CD4ABF292CB6CB00A4AC5A /* Build configuration list for PBXNativeTarget "MarvelTests" */;
			buildPhases = (
				18A51B599E278769498BADAC /* [CP] Check Pods Manifest.lock */,
				04CD4AA4292CB6CB00A4AC5A /* Sources */,
				04CD4AA5292CB6CB00A4AC5A /* Frameworks */,
				04CD4AA6292CB6CB00A4AC5A /* Resources */,
			);
			buildRules = (
			);
			dependencies = (
				04CD4AAA292CB6CB00A4AC5A /* PBXTargetDependency */,
			);
			name = MarvelTests;
			productName = MarvelTests;
			productReference = 04CD4AA8292CB6CB00A4AC5A /* MarvelTests.xctest */;
			productType = "com.apple.product-type.bundle.unit-test";
		};
		04CD4AB1292CB6CB00A4AC5A /* MarvelUITests */ = {
			isa = PBXNativeTarget;
			buildConfigurationList = 04CD4AC2292CB6CB00A4AC5A /* Build configuration list for PBXNativeTarget "MarvelUITests" */;
			buildPhases = (
				44CDBB07319551C7DF47850E /* [CP] Check Pods Manifest.lock */,
				04CD4AAE292CB6CB00A4AC5A /* Sources */,
				04CD4AAF292CB6CB00A4AC5A /* Frameworks */,
				04CD4AB0292CB6CB00A4AC5A /* Resources */,
				9875573EE740DC7C27D39F51 /* [CP] Embed Pods Frameworks */,
			);
			buildRules = (
			);
			dependencies = (
				04CD4AB4292CB6CB00A4AC5A /* PBXTargetDependency */,
			);
			name = MarvelUITests;
			productName = MarvelUITests;
			productReference = 04CD4AB2292CB6CB00A4AC5A /* MarvelUITests.xctest */;
			productType = "com.apple.product-type.bundle.ui-testing";
		};
/* End PBXNativeTarget section */

/* Begin PBXProject section */
		04CD4A87292CB6CA00A4AC5A /* Project object */ = {
			isa = PBXProject;
			attributes = {
				BuildIndependentTargetsInParallel = 1;
				LastSwiftUpdateCheck = 1340;
				LastUpgradeCheck = 1340;
				TargetAttributes = {
					04CD4A8E292CB6CA00A4AC5A = {
						CreatedOnToolsVersion = 13.4.1;
					};
					04CD4AA7292CB6CB00A4AC5A = {
						CreatedOnToolsVersion = 13.4.1;
						TestTargetID = 04CD4A8E292CB6CA00A4AC5A;
					};
					04CD4AB1292CB6CB00A4AC5A = {
						CreatedOnToolsVersion = 13.4.1;
						TestTargetID = 04CD4A8E292CB6CA00A4AC5A;
					};
				};
			};
			buildConfigurationList = 04CD4A8A292CB6CA00A4AC5A /* Build configuration list for PBXProject "Marvel" */;
			compatibilityVersion = "Xcode 13.0";
			developmentRegion = en;
			hasScannedForEncodings = 0;
			knownRegions = (
				en,
				Base,
			);
			mainGroup = 04CD4A86292CB6CA00A4AC5A;
			productRefGroup = 04CD4A90292CB6CA00A4AC5A /* Products */;
			projectDirPath = "";
			projectRoot = "";
			targets = (
				04CD4A8E292CB6CA00A4AC5A /* Marvel */,
				04CD4AA7292CB6CB00A4AC5A /* MarvelTests */,
				04CD4AB1292CB6CB00A4AC5A /* MarvelUITests */,
			);
		};
/* End PBXProject section */

/* Begin PBXResourcesBuildPhase section */
		04CD4A8D292CB6CA00A4AC5A /* Resources */ = {
			isa = PBXResourcesBuildPhase;
			buildActionMask = 2147483647;
			files = (
				04CD4AF3292E25CF00A4AC5A /* MarvelCharacterTableViewCell.xib in Resources */,
				04CD4AA2292CB6CB00A4AC5A /* LaunchScreen.storyboard in Resources */,
				04CD4A9F292CB6CB00A4AC5A /* Assets.xcassets in Resources */,
				04CD4AE6292E0FC400A4AC5A /* MarvelListTableViewCell.xib in Resources */,
				04CD4A9A292CB6CA00A4AC5A /* Main.storyboard in Resources */,
				04CD4AFD292EE46100A4AC5A /* characeterDetailTopItemTableViewCell.xib in Resources */,
				04CD4AEF292E24F200A4AC5A /* MarvelCharactersCollectionViewCell.xib in Resources */,
			);
			runOnlyForDeploymentPostprocessing = 0;
		};
		04CD4AA6292CB6CB00A4AC5A /* Resources */ = {
			isa = PBXResourcesBuildPhase;
			buildActionMask = 2147483647;
			files = (
			);
			runOnlyForDeploymentPostprocessing = 0;
		};
		04CD4AB0292CB6CB00A4AC5A /* Resources */ = {
			isa = PBXResourcesBuildPhase;
			buildActionMask = 2147483647;
			files = (
			);
			runOnlyForDeploymentPostprocessing = 0;
		};
/* End PBXResourcesBuildPhase section */

/* Begin PBXShellScriptBuildPhase section */
		18A51B599E278769498BADAC /* [CP] Check Pods Manifest.lock */ = {
			isa = PBXShellScriptBuildPhase;
			buildActionMask = 2147483647;
			files = (
			);
			inputFileListPaths = (
			);
			inputPaths = (
				"${PODS_PODFILE_DIR_PATH}/Podfile.lock",
				"${PODS_ROOT}/Manifest.lock",
			);
			name = "[CP] Check Pods Manifest.lock";
			outputFileListPaths = (
			);
			outputPaths = (
				"$(DERIVED_FILE_DIR)/Pods-MarvelTests-checkManifestLockResult.txt",
			);
			runOnlyForDeploymentPostprocessing = 0;
			shellPath = /bin/sh;
			shellScript = "diff \"${PODS_PODFILE_DIR_PATH}/Podfile.lock\" \"${PODS_ROOT}/Manifest.lock\" > /dev/null\nif [ $? != 0 ] ; then\n    # print error to STDERR\n    echo \"error: The sandbox is not in sync with the Podfile.lock. Run 'pod install' or update your CocoaPods installation.\" >&2\n    exit 1\nfi\n# This output is used by Xcode 'outputs' to avoid re-running this script phase.\necho \"SUCCESS\" > \"${SCRIPT_OUTPUT_FILE_0}\"\n";
			showEnvVarsInLog = 0;
		};
		1F0F6DBC25193F501784ED6F /* [CP] Embed Pods Frameworks */ = {
			isa = PBXShellScriptBuildPhase;
			buildActionMask = 2147483647;
			files = (
			);
			inputFileListPaths = (
				"${PODS_ROOT}/Target Support Files/Pods-Marvel/Pods-Marvel-frameworks-${CONFIGURATION}-input-files.xcfilelist",
			);
			name = "[CP] Embed Pods Frameworks";
			outputFileListPaths = (
				"${PODS_ROOT}/Target Support Files/Pods-Marvel/Pods-Marvel-frameworks-${CONFIGURATION}-output-files.xcfilelist",
			);
			runOnlyForDeploymentPostprocessing = 0;
			shellPath = /bin/sh;
			shellScript = "\"${PODS_ROOT}/Target Support Files/Pods-Marvel/Pods-Marvel-frameworks.sh\"\n";
			showEnvVarsInLog = 0;
		};
		44CDBB07319551C7DF47850E /* [CP] Check Pods Manifest.lock */ = {
			isa = PBXShellScriptBuildPhase;
			buildActionMask = 2147483647;
			files = (
			);
			inputFileListPaths = (
			);
			inputPaths = (
				"${PODS_PODFILE_DIR_PATH}/Podfile.lock",
				"${PODS_ROOT}/Manifest.lock",
			);
			name = "[CP] Check Pods Manifest.lock";
			outputFileListPaths = (
			);
			outputPaths = (
				"$(DERIVED_FILE_DIR)/Pods-Marvel-MarvelUITests-checkManifestLockResult.txt",
			);
			runOnlyForDeploymentPostprocessing = 0;
			shellPath = /bin/sh;
			shellScript = "diff \"${PODS_PODFILE_DIR_PATH}/Podfile.lock\" \"${PODS_ROOT}/Manifest.lock\" > /dev/null\nif [ $? != 0 ] ; then\n    # print error to STDERR\n    echo \"error: The sandbox is not in sync with the Podfile.lock. Run 'pod install' or update your CocoaPods installation.\" >&2\n    exit 1\nfi\n# This output is used by Xcode 'outputs' to avoid re-running this script phase.\necho \"SUCCESS\" > \"${SCRIPT_OUTPUT_FILE_0}\"\n";
			showEnvVarsInLog = 0;
		};
		9875573EE740DC7C27D39F51 /* [CP] Embed Pods Frameworks */ = {
			isa = PBXShellScriptBuildPhase;
			buildActionMask = 2147483647;
			files = (
			);
			inputFileListPaths = (
				"${PODS_ROOT}/Target Support Files/Pods-Marvel-MarvelUITests/Pods-Marvel-MarvelUITests-frameworks-${CONFIGURATION}-input-files.xcfilelist",
			);
			name = "[CP] Embed Pods Frameworks";
			outputFileListPaths = (
				"${PODS_ROOT}/Target Support Files/Pods-Marvel-MarvelUITests/Pods-Marvel-MarvelUITests-frameworks-${CONFIGURATION}-output-files.xcfilelist",
			);
			runOnlyForDeploymentPostprocessing = 0;
			shellPath = /bin/sh;
			shellScript = "\"${PODS_ROOT}/Target Support Files/Pods-Marvel-MarvelUITests/Pods-Marvel-MarvelUITests-frameworks.sh\"\n";
			showEnvVarsInLog = 0;
		};
		A6B2B693834363B389B533F4 /* [CP] Check Pods Manifest.lock */ = {
			isa = PBXShellScriptBuildPhase;
			buildActionMask = 2147483647;
			files = (
			);
			inputFileListPaths = (
			);
			inputPaths = (
				"${PODS_PODFILE_DIR_PATH}/Podfile.lock",
				"${PODS_ROOT}/Manifest.lock",
			);
			name = "[CP] Check Pods Manifest.lock";
			outputFileListPaths = (
			);
			outputPaths = (
				"$(DERIVED_FILE_DIR)/Pods-Marvel-checkManifestLockResult.txt",
			);
			runOnlyForDeploymentPostprocessing = 0;
			shellPath = /bin/sh;
			shellScript = "diff \"${PODS_PODFILE_DIR_PATH}/Podfile.lock\" \"${PODS_ROOT}/Manifest.lock\" > /dev/null\nif [ $? != 0 ] ; then\n    # print error to STDERR\n    echo \"error: The sandbox is not in sync with the Podfile.lock. Run 'pod install' or update your CocoaPods installation.\" >&2\n    exit 1\nfi\n# This output is used by Xcode 'outputs' to avoid re-running this script phase.\necho \"SUCCESS\" > \"${SCRIPT_OUTPUT_FILE_0}\"\n";
			showEnvVarsInLog = 0;
		};
/* End PBXShellScriptBuildPhase section */

/* Begin PBXSourcesBuildPhase section */
		04CD4A8B292CB6CA00A4AC5A /* Sources */ = {
			isa = PBXSourcesBuildPhase;
			buildActionMask = 2147483647;
			files = (
				04CD4AD0292CBF8000A4AC5A /* UITextFieldX.swift in Sources */,
				04CD4AF5292ED31C00A4AC5A /* itemService.swift in Sources */,
				04CD4A97292CB6CA00A4AC5A /* ViewController.swift in Sources */,
				04CD4ADE292D0D4400A4AC5A /* MarvelListViewModel.swift in Sources */,
				04CD4AD4292CBFBD00A4AC5A /* Constant.swift in Sources */,
				04CD4ACF292CBF8000A4AC5A /* UIImageViewX.swift in Sources */,
				04CD4AE8292E224200A4AC5A /* characterDetailViewController.swift in Sources */,
				04CD4A93292CB6CA00A4AC5A /* AppDelegate.swift in Sources */,
				04CD4AEE292E24F200A4AC5A /* MarvelCharactersCollectionViewCell.swift in Sources */,
				04CD4ADA292CC0DA00A4AC5A /* Box.swift in Sources */,
				04CD4ADC292CC3DD00A4AC5A /* Marvel.swift in Sources */,
				04CD4AD2292CBF8000A4AC5A /* UIButtonX.swift in Sources */,
				04CD4AF8292ED8F400A4AC5A /* charactersListViewModel.swift in Sources */,
				04CD4AEA292E229300A4AC5A /* characterDetailViewModel.swift in Sources */,
				04CD4AE5292E0FC400A4AC5A /* MarvelListTableViewCell.swift in Sources */,
				04CD4AFC292EE46100A4AC5A /* characeterDetailTopItemTableViewCell.swift in Sources */,
				04CD4AD7292CC0B600A4AC5A /* CharactersService.swift in Sources */,
				04CD4AF2292E25CF00A4AC5A /* MarvelCharacterTableViewCell.swift in Sources */,
				04CD4A9D292CB6CA00A4AC5A /* Marvel.xcdatamodeld in Sources */,
				04CD4AD1292CBF8000A4AC5A /* UIViewX.swift in Sources */,
				04CD4A95292CB6CA00A4AC5A /* SceneDelegate.swift in Sources */,
				04CD4AE1292D362000A4AC5A /* charactersListViewController.swift in Sources */,
			);
			runOnlyForDeploymentPostprocessing = 0;
		};
		04CD4AA4292CB6CB00A4AC5A /* Sources */ = {
			isa = PBXSourcesBuildPhase;
			buildActionMask = 2147483647;
			files = (
				04CD4AAD292CB6CB00A4AC5A /* MarvelTests.swift in Sources */,
			);
			runOnlyForDeploymentPostprocessing = 0;
		};
		04CD4AAE292CB6CB00A4AC5A /* Sources */ = {
			isa = PBXSourcesBuildPhase;
			buildActionMask = 2147483647;
			files = (
				04CD4AB7292CB6CB00A4AC5A /* MarvelUITests.swift in Sources */,
				04CD4AB9292CB6CB00A4AC5A /* MarvelUITestsLaunchTests.swift in Sources */,
			);
			runOnlyForDeploymentPostprocessing = 0;
		};
/* End PBXSourcesBuildPhase section */

/* Begin PBXTargetDependency section */
		04CD4AAA292CB6CB00A4AC5A /* PBXTargetDependency */ = {
			isa = PBXTargetDependency;
			target = 04CD4A8E292CB6CA00A4AC5A /* Marvel */;
			targetProxy = 04CD4AA9292CB6CB00A4AC5A /* PBXContainerItemProxy */;
		};
		04CD4AB4292CB6CB00A4AC5A /* PBXTargetDependency */ = {
			isa = PBXTargetDependency;
			target = 04CD4A8E292CB6CA00A4AC5A /* Marvel */;
			targetProxy = 04CD4AB3292CB6CB00A4AC5A /* PBXContainerItemProxy */;
		};
/* End PBXTargetDependency section */

/* Begin PBXVariantGroup section */
		04CD4A98292CB6CA00A4AC5A /* Main.storyboard */ = {
			isa = PBXVariantGroup;
			children = (
				04CD4A99292CB6CA00A4AC5A /* Base */,
			);
			name = Main.storyboard;
			sourceTree = "<group>";
		};
		04CD4AA0292CB6CB00A4AC5A /* LaunchScreen.storyboard */ = {
			isa = PBXVariantGroup;
			children = (
				04CD4AA1292CB6CB00A4AC5A /* Base */,
			);
			name = LaunchScreen.storyboard;
			sourceTree = "<group>";
		};
/* End PBXVariantGroup section */

/* Begin XCBuildConfiguration section */
		04CD4ABA292CB6CB00A4AC5A /* Debug */ = {
			isa = XCBuildConfiguration;
			buildSettings = {
				ALWAYS_SEARCH_USER_PATHS = NO;
				CLANG_ANALYZER_NONNULL = YES;
				CLANG_ANALYZER_NUMBER_OBJECT_CONVERSION = YES_AGGRESSIVE;
				CLANG_CXX_LANGUAGE_STANDARD = "gnu++17";
				CLANG_ENABLE_MODULES = YES;
				CLANG_ENABLE_OBJC_ARC = YES;
				CLANG_ENABLE_OBJC_WEAK = YES;
				CLANG_WARN_BLOCK_CAPTURE_AUTORELEASING = YES;
				CLANG_WARN_BOOL_CONVERSION = YES;
				CLANG_WARN_COMMA = YES;
				CLANG_WARN_CONSTANT_CONVERSION = YES;
				CLANG_WARN_DEPRECATED_OBJC_IMPLEMENTATIONS = YES;
				CLANG_WARN_DIRECT_OBJC_ISA_USAGE = YES_ERROR;
				CLANG_WARN_DOCUMENTATION_COMMENTS = YES;
				CLANG_WARN_EMPTY_BODY = YES;
				CLANG_WARN_ENUM_CONVERSION = YES;
				CLANG_WARN_INFINITE_RECURSION = YES;
				CLANG_WARN_INT_CONVERSION = YES;
				CLANG_WARN_NON_LITERAL_NULL_CONVERSION = YES;
				CLANG_WARN_OBJC_IMPLICIT_RETAIN_SELF = YES;
				CLANG_WARN_OBJC_LITERAL_CONVERSION = YES;
				CLANG_WARN_OBJC_ROOT_CLASS = YES_ERROR;
				CLANG_WARN_QUOTED_INCLUDE_IN_FRAMEWORK_HEADER = YES;
				CLANG_WARN_RANGE_LOOP_ANALYSIS = YES;
				CLANG_WARN_STRICT_PROTOTYPES = YES;
				CLANG_WARN_SUSPICIOUS_MOVE = YES;
				CLANG_WARN_UNGUARDED_AVAILABILITY = YES_AGGRESSIVE;
				CLANG_WARN_UNREACHABLE_CODE = YES;
				CLANG_WARN__DUPLICATE_METHOD_MATCH = YES;
				COPY_PHASE_STRIP = NO;
				DEBUG_INFORMATION_FORMAT = dwarf;
				ENABLE_STRICT_OBJC_MSGSEND = YES;
				ENABLE_TESTABILITY = YES;
				GCC_C_LANGUAGE_STANDARD = gnu11;
				GCC_DYNAMIC_NO_PIC = NO;
				GCC_NO_COMMON_BLOCKS = YES;
				GCC_OPTIMIZATION_LEVEL = 0;
				GCC_PREPROCESSOR_DEFINITIONS = (
					"DEBUG=1",
					"$(inherited)",
				);
				GCC_WARN_64_TO_32_BIT_CONVERSION = YES;
				GCC_WARN_ABOUT_RETURN_TYPE = YES_ERROR;
				GCC_WARN_UNDECLARED_SELECTOR = YES;
				GCC_WARN_UNINITIALIZED_AUTOS = YES_AGGRESSIVE;
				GCC_WARN_UNUSED_FUNCTION = YES;
				GCC_WARN_UNUSED_VARIABLE = YES;
				IPHONEOS_DEPLOYMENT_TARGET = 15.5;
				MTL_ENABLE_DEBUG_INFO = INCLUDE_SOURCE;
				MTL_FAST_MATH = YES;
				ONLY_ACTIVE_ARCH = YES;
				SDKROOT = iphoneos;
				SWIFT_ACTIVE_COMPILATION_CONDITIONS = DEBUG;
				SWIFT_OPTIMIZATION_LEVEL = "-Onone";
			};
			name = Debug;
		};
		04CD4ABB292CB6CB00A4AC5A /* Release */ = {
			isa = XCBuildConfiguration;
			buildSettings = {
				ALWAYS_SEARCH_USER_PATHS = NO;
				CLANG_ANALYZER_NONNULL = YES;
				CLANG_ANALYZER_NUMBER_OBJECT_CONVERSION = YES_AGGRESSIVE;
				CLANG_CXX_LANGUAGE_STANDARD = "gnu++17";
				CLANG_ENABLE_MODULES = YES;
				CLANG_ENABLE_OBJC_ARC = YES;
				CLANG_ENABLE_OBJC_WEAK = YES;
				CLANG_WARN_BLOCK_CAPTURE_AUTORELEASING = YES;
				CLANG_WARN_BOOL_CONVERSION = YES;
				CLANG_WARN_COMMA = YES;
				CLANG_WARN_CONSTANT_CONVERSION = YES;
				CLANG_WARN_DEPRECATED_OBJC_IMPLEMENTATIONS = YES;
				CLANG_WARN_DIRECT_OBJC_ISA_USAGE = YES_ERROR;
				CLANG_WARN_DOCUMENTATION_COMMENTS = YES;
				CLANG_WARN_EMPTY_BODY = YES;
				CLANG_WARN_ENUM_CONVERSION = YES;
				CLANG_WARN_INFINITE_RECURSION = YES;
				CLANG_WARN_INT_CONVERSION = YES;
				CLANG_WARN_NON_LITERAL_NULL_CONVERSION = YES;
				CLANG_WARN_OBJC_IMPLICIT_RETAIN_SELF = YES;
				CLANG_WARN_OBJC_LITERAL_CONVERSION = YES;
				CLANG_WARN_OBJC_ROOT_CLASS = YES_ERROR;
				CLANG_WARN_QUOTED_INCLUDE_IN_FRAMEWORK_HEADER = YES;
				CLANG_WARN_RANGE_LOOP_ANALYSIS = YES;
				CLANG_WARN_STRICT_PROTOTYPES = YES;
				CLANG_WARN_SUSPICIOUS_MOVE = YES;
				CLANG_WARN_UNGUARDED_AVAILABILITY = YES_AGGRESSIVE;
				CLANG_WARN_UNREACHABLE_CODE = YES;
				CLANG_WARN__DUPLICATE_METHOD_MATCH = YES;
				COPY_PHASE_STRIP = NO;
				DEBUG_INFORMATION_FORMAT = "dwarf-with-dsym";
				ENABLE_NS_ASSERTIONS = NO;
				ENABLE_STRICT_OBJC_MSGSEND = YES;
				GCC_C_LANGUAGE_STANDARD = gnu11;
				GCC_NO_COMMON_BLOCKS = YES;
				GCC_WARN_64_TO_32_BIT_CONVERSION = YES;
				GCC_WARN_ABOUT_RETURN_TYPE = YES_ERROR;
				GCC_WARN_UNDECLARED_SELECTOR = YES;
				GCC_WARN_UNINITIALIZED_AUTOS = YES_AGGRESSIVE;
				GCC_WARN_UNUSED_FUNCTION = YES;
				GCC_WARN_UNUSED_VARIABLE = YES;
				IPHONEOS_DEPLOYMENT_TARGET = 15.5;
				MTL_ENABLE_DEBUG_INFO = NO;
				MTL_FAST_MATH = YES;
				SDKROOT = iphoneos;
				SWIFT_COMPILATION_MODE = wholemodule;
				SWIFT_OPTIMIZATION_LEVEL = "-O";
				VALIDATE_PRODUCT = YES;
			};
			name = Release;
		};
		04CD4ABD292CB6CB00A4AC5A /* Debug */ = {
			isa = XCBuildConfiguration;
			baseConfigurationReference = 1889B8F28A175903D594917C /* Pods-Marvel.debug.xcconfig */;
			buildSettings = {
				ASSETCATALOG_COMPILER_APPICON_NAME = AppIcon;
				ASSETCATALOG_COMPILER_GLOBAL_ACCENT_COLOR_NAME = AccentColor;
				CODE_SIGN_STYLE = Automatic;
				CURRENT_PROJECT_VERSION = 1;
				DEVELOPMENT_TEAM = LCD84ACBQF;
				GENERATE_INFOPLIST_FILE = YES;
				INFOPLIST_FILE = Marvel/Info.plist;
				INFOPLIST_KEY_UIApplicationSupportsIndirectInputEvents = YES;
				INFOPLIST_KEY_UILaunchStoryboardName = LaunchScreen;
				INFOPLIST_KEY_UIMainStoryboardFile = Main;
				INFOPLIST_KEY_UISupportedInterfaceOrientations_iPad = "UIInterfaceOrientationPortrait UIInterfaceOrientationPortraitUpsideDown UIInterfaceOrientationLandscapeLeft UIInterfaceOrientationLandscapeRight";
				INFOPLIST_KEY_UISupportedInterfaceOrientations_iPhone = "UIInterfaceOrientationPortrait UIInterfaceOrientationLandscapeLeft UIInterfaceOrientationLandscapeRight";
				LD_RUNPATH_SEARCH_PATHS = (
					"$(inherited)",
					"@executable_path/Frameworks",
				);
				MARKETING_VERSION = 1.0;
				PRODUCT_BUNDLE_IDENTIFIER = codegrow.Marvel;
				PRODUCT_NAME = "$(TARGET_NAME)";
				SWIFT_EMIT_LOC_STRINGS = YES;
				SWIFT_VERSION = 5.0;
				TARGETED_DEVICE_FAMILY = "1,2";
			};
			name = Debug;
		};
		04CD4ABE292CB6CB00A4AC5A /* Release */ = {
			isa = XCBuildConfiguration;
			baseConfigurationReference = 287797791B94AC6F986EEE62 /* Pods-Marvel.release.xcconfig */;
			buildSettings = {
				ASSETCATALOG_COMPILER_APPICON_NAME = AppIcon;
				ASSETCATALOG_COMPILER_GLOBAL_ACCENT_COLOR_NAME = AccentColor;
				CODE_SIGN_STYLE = Automatic;
				CURRENT_PROJECT_VERSION = 1;
				DEVELOPMENT_TEAM = LCD84ACBQF;
				GENERATE_INFOPLIST_FILE = YES;
				INFOPLIST_FILE = Marvel/Info.plist;
				INFOPLIST_KEY_UIApplicationSupportsIndirectInputEvents = YES;
				INFOPLIST_KEY_UILaunchStoryboardName = LaunchScreen;
				INFOPLIST_KEY_UIMainStoryboardFile = Main;
				INFOPLIST_KEY_UISupportedInterfaceOrientations_iPad = "UIInterfaceOrientationPortrait UIInterfaceOrientationPortraitUpsideDown UIInterfaceOrientationLandscapeLeft UIInterfaceOrientationLandscapeRight";
				INFOPLIST_KEY_UISupportedInterfaceOrientations_iPhone = "UIInterfaceOrientationPortrait UIInterfaceOrientationLandscapeLeft UIInterfaceOrientationLandscapeRight";
				LD_RUNPATH_SEARCH_PATHS = (
					"$(inherited)",
					"@executable_path/Frameworks",
				);
				MARKETING_VERSION = 1.0;
				PRODUCT_BUNDLE_IDENTIFIER = codegrow.Marvel;
				PRODUCT_NAME = "$(TARGET_NAME)";
				SWIFT_EMIT_LOC_STRINGS = YES;
				SWIFT_VERSION = 5.0;
				TARGETED_DEVICE_FAMILY = "1,2";
			};
			name = Release;
		};
		04CD4AC0292CB6CB00A4AC5A /* Debug */ = {
			isa = XCBuildConfiguration;
			baseConfigurationReference = FDA18D382B5C67AEDFE888E6 /* Pods-MarvelTests.debug.xcconfig */;
			buildSettings = {
				ALWAYS_EMBED_SWIFT_STANDARD_LIBRARIES = YES;
				BUNDLE_LOADER = "$(TEST_HOST)";
				CODE_SIGN_STYLE = Automatic;
				CURRENT_PROJECT_VERSION = 1;
				DEVELOPMENT_TEAM = LCD84ACBQF;
				GENERATE_INFOPLIST_FILE = YES;
				IPHONEOS_DEPLOYMENT_TARGET = 15.5;
				MARKETING_VERSION = 1.0;
				PRODUCT_BUNDLE_IDENTIFIER = codegrow.MarvelTests;
				PRODUCT_NAME = "$(TARGET_NAME)";
				SWIFT_EMIT_LOC_STRINGS = NO;
				SWIFT_VERSION = 5.0;
				TARGETED_DEVICE_FAMILY = "1,2";
				TEST_HOST = "$(BUILT_PRODUCTS_DIR)/Marvel.app/Marvel";
			};
			name = Debug;
		};
		04CD4AC1292CB6CB00A4AC5A /* Release */ = {
			isa = XCBuildConfiguration;
			baseConfigurationReference = B7084AA1627362297312C192 /* Pods-MarvelTests.release.xcconfig */;
			buildSettings = {
				ALWAYS_EMBED_SWIFT_STANDARD_LIBRARIES = YES;
				BUNDLE_LOADER = "$(TEST_HOST)";
				CODE_SIGN_STYLE = Automatic;
				CURRENT_PROJECT_VERSION = 1;
				DEVELOPMENT_TEAM = LCD84ACBQF;
				GENERATE_INFOPLIST_FILE = YES;
				IPHONEOS_DEPLOYMENT_TARGET = 15.5;
				MARKETING_VERSION = 1.0;
				PRODUCT_BUNDLE_IDENTIFIER = codegrow.MarvelTests;
				PRODUCT_NAME = "$(TARGET_NAME)";
				SWIFT_EMIT_LOC_STRINGS = NO;
				SWIFT_VERSION = 5.0;
				TARGETED_DEVICE_FAMILY = "1,2";
				TEST_HOST = "$(BUILT_PRODUCTS_DIR)/Marvel.app/Marvel";
			};
			name = Release;
		};
		04CD4AC3292CB6CB00A4AC5A /* Debug */ = {
			isa = XCBuildConfiguration;
			baseConfigurationReference = 76AAE9BA7FE16833BAC1CF9C /* Pods-Marvel-MarvelUITests.debug.xcconfig */;
			buildSettings = {
				ALWAYS_EMBED_SWIFT_STANDARD_LIBRARIES = YES;
				CODE_SIGN_STYLE = Automatic;
				CURRENT_PROJECT_VERSION = 1;
				DEVELOPMENT_TEAM = LCD84ACBQF;
				GENERATE_INFOPLIST_FILE = YES;
				MARKETING_VERSION = 1.0;
				PRODUCT_BUNDLE_IDENTIFIER = codegrow.MarvelUITests;
				PRODUCT_NAME = "$(TARGET_NAME)";
				SWIFT_EMIT_LOC_STRINGS = NO;
				SWIFT_VERSION = 5.0;
				TARGETED_DEVICE_FAMILY = "1,2";
				TEST_TARGET_NAME = Marvel;
			};
			name = Debug;
		};
		04CD4AC4292CB6CB00A4AC5A /* Release */ = {
			isa = XCBuildConfiguration;
			baseConfigurationReference = 333486D814868767EC5C39FB /* Pods-Marvel-MarvelUITests.release.xcconfig */;
			buildSettings = {
				ALWAYS_EMBED_SWIFT_STANDARD_LIBRARIES = YES;
				CODE_SIGN_STYLE = Automatic;
				CURRENT_PROJECT_VERSION = 1;
				DEVELOPMENT_TEAM = LCD84ACBQF;
				GENERATE_INFOPLIST_FILE = YES;
				MARKETING_VERSION = 1.0;
				PRODUCT_BUNDLE_IDENTIFIER = codegrow.MarvelUITests;
				PRODUCT_NAME = "$(TARGET_NAME)";
				SWIFT_EMIT_LOC_STRINGS = NO;
				SWIFT_VERSION = 5.0;
				TARGETED_DEVICE_FAMILY = "1,2";
				TEST_TARGET_NAME = Marvel;
			};
			name = Release;
		};
/* End XCBuildConfiguration section */

/* Begin XCConfigurationList section */
		04CD4A8A292CB6CA00A4AC5A /* Build configuration list for PBXProject "Marvel" */ = {
			isa = XCConfigurationList;
			buildConfigurations = (
				04CD4ABA292CB6CB00A4AC5A /* Debug */,
				04CD4ABB292CB6CB00A4AC5A /* Release */,
			);
			defaultConfigurationIsVisible = 0;
			defaultConfigurationName = Release;
		};
		04CD4ABC292CB6CB00A4AC5A /* Build configuration list for PBXNativeTarget "Marvel" */ = {
			isa = XCConfigurationList;
			buildConfigurations = (
				04CD4ABD292CB6CB00A4AC5A /* Debug */,
				04CD4ABE292CB6CB00A4AC5A /* Release */,
			);
			defaultConfigurationIsVisible = 0;
			defaultConfigurationName = Release;
		};
		04CD4ABF292CB6CB00A4AC5A /* Build configuration list for PBXNativeTarget "MarvelTests" */ = {
			isa = XCConfigurationList;
			buildConfigurations = (
				04CD4AC0292CB6CB00A4AC5A /* Debug */,
				04CD4AC1292CB6CB00A4AC5A /* Release */,
			);
			defaultConfigurationIsVisible = 0;
			defaultConfigurationName = Release;
		};
		04CD4AC2292CB6CB00A4AC5A /* Build configuration list for PBXNativeTarget "MarvelUITests" */ = {
			isa = XCConfigurationList;
			buildConfigurations = (
				04CD4AC3292CB6CB00A4AC5A /* Debug */,
				04CD4AC4292CB6CB00A4AC5A /* Release */,
			);
			defaultConfigurationIsVisible = 0;
			defaultConfigurationName = Release;
		};
/* End XCConfigurationList section */

/* Begin XCVersionGroup section */
		04CD4A9B292CB6CA00A4AC5A /* Marvel.xcdatamodeld */ = {
			isa = XCVersionGroup;
			children = (
				04CD4A9C292CB6CA00A4AC5A /* Marvel.xcdatamodel */,
			);
			currentVersion = 04CD4A9C292CB6CA00A4AC5A /* Marvel.xcdatamodel */;
			path = Marvel.xcdatamodeld;
			sourceTree = "<group>";
			versionGroupType = wrapper.xcdatamodel;
		};
/* End XCVersionGroup section */
	};
	rootObject = 04CD4A87292CB6CA00A4AC5A /* Project object */;
}
